
Microsoft Visual Studio Solution File, Format Version 12.00
Project("{FAE04EC0-301F-11D3-BF4B-00C04F79EFBC}") = "Chronos.Coins", "Chronos.Coins\Chronos.Coins.csproj", "{0EF251D6-0C32-4A98-88E1-D1ECAAB35888}"
EndProject
Project("{FAE04EC0-301F-11D3-BF4B-00C04F79EFBC}") = "Chronos.Tests", "Chronos.Tests\Chronos.Tests.csproj", "{57E83B03-17D6-4A66-AB09-9A54BA99DD71}"
EndProject
Project("{FAE04EC0-301F-11D3-BF4B-00C04F79EFBC}") = "Chronos.GraphQL.AspNetCore", "Chronos.GraphQL.AspNetCore\Chronos.GraphQL.AspNetCore.csproj", "{18B7B266-A9CD-4843-B184-10DF8E367579}"
EndProject
Project("{FAE04EC0-301F-11D3-BF4B-00C04F79EFBC}") = "Chronos.Accounts", "Chronos.Accounts\Chronos.Accounts.csproj", "{5F4D7E03-F70B-42DE-92AF-3E8F221E7C22}"
EndProject
Project("{FAE04EC0-301F-11D3-BF4B-00C04F79EFBC}") = "Chronos.Acl", "Chronos.Acl\Chronos.Acl.csproj", "{179221D7-6900-4D34-B965-C42D64EA9BBB}"
EndProject
Project("{FAE04EC0-301F-11D3-BF4B-00C04F79EFBC}") = "Chronos.Core", "Chronos.Core\Chronos.Core.csproj", "{04991067-DDD0-4E14-A3D6-F1812CA92275}"
EndProject
Global
	GlobalSection(SolutionConfigurationPlatforms) = preSolution
		Debug|Any CPU = Debug|Any CPU
		Release|Any CPU = Release|Any CPU
	EndGlobalSection
	GlobalSection(ProjectConfigurationPlatforms) = postSolution
		{0EF251D6-0C32-4A98-88E1-D1ECAAB35888}.Debug|Any CPU.ActiveCfg = Debug|Any CPU
		{0EF251D6-0C32-4A98-88E1-D1ECAAB35888}.Debug|Any CPU.Build.0 = Debug|Any CPU
		{0EF251D6-0C32-4A98-88E1-D1ECAAB35888}.Release|Any CPU.ActiveCfg = Release|Any CPU
		{0EF251D6-0C32-4A98-88E1-D1ECAAB35888}.Release|Any CPU.Build.0 = Release|Any CPU
		{57E83B03-17D6-4A66-AB09-9A54BA99DD71}.Debug|Any CPU.ActiveCfg = Debug|Any CPU
		{57E83B03-17D6-4A66-AB09-9A54BA99DD71}.Debug|Any CPU.Build.0 = Debug|Any CPU
		{57E83B03-17D6-4A66-AB09-9A54BA99DD71}.Release|Any CPU.ActiveCfg = Release|Any CPU
		{57E83B03-17D6-4A66-AB09-9A54BA99DD71}.Release|Any CPU.Build.0 = Release|Any CPU
		{18B7B266-A9CD-4843-B184-10DF8E367579}.Debug|Any CPU.ActiveCfg = Debug|Any CPU
		{18B7B266-A9CD-4843-B184-10DF8E367579}.Debug|Any CPU.Build.0 = Debug|Any CPU
		{18B7B266-A9CD-4843-B184-10DF8E367579}.Release|Any CPU.ActiveCfg = Release|Any CPU
		{18B7B266-A9CD-4843-B184-10DF8E367579}.Release|Any CPU.Build.0 = Release|Any CPU
		{5F4D7E03-F70B-42DE-92AF-3E8F221E7C22}.Debug|Any CPU.ActiveCfg = Debug|Any CPU
		{5F4D7E03-F70B-42DE-92AF-3E8F221E7C22}.Debug|Any CPU.Build.0 = Debug|Any CPU
		{5F4D7E03-F70B-42DE-92AF-3E8F221E7C22}.Release|Any CPU.ActiveCfg = Release|Any CPU
		{5F4D7E03-F70B-42DE-92AF-3E8F221E7C22}.Release|Any CPU.Build.0 = Release|Any CPU
		{179221D7-6900-4D34-B965-C42D64EA9BBB}.Debug|Any CPU.ActiveCfg = Debug|Any CPU
		{179221D7-6900-4D34-B965-C42D64EA9BBB}.Debug|Any CPU.Build.0 = Debug|Any CPU
		{179221D7-6900-4D34-B965-C42D64EA9BBB}.Release|Any CPU.ActiveCfg = Release|Any CPU
		{179221D7-6900-4D34-B965-C42D64EA9BBB}.Release|Any CPU.Build.0 = Release|Any CPU
		{04991067-DDD0-4E14-A3D6-F1812CA92275}.Debug|Any CPU.ActiveCfg = Debug|Any CPU
		{04991067-DDD0-4E14-A3D6-F1812CA92275}.Debug|Any CPU.Build.0 = Debug|Any CPU
		{04991067-DDD0-4E14-A3D6-F1812CA92275}.Release|Any CPU.ActiveCfg = Release|Any CPU
		{04991067-DDD0-4E14-A3D6-F1812CA92275}.Release|Any CPU.Build.0 = Release|Any CPU
	EndGlobalSection
EndGlobal
